
Microsoft Visual Studio Solution File, Format Version 12.00
# Visual Studio Version 16
VisualStudioVersion = 16.0.31205.134
MinimumVisualStudioVersion = 10.0.40219.1
Project("{FAE04EC0-301F-11D3-BF4B-00C04F79EFBC}") = "averageValues", "averageValues\averageValues.csproj", "{0B052AE3-1CEE-4D01-942C-DDFB58773E4B}"
EndProject
Global
	GlobalSection(SolutionConfigurationPlatforms) = preSolution
		Debug|Any CPU = Debug|Any CPU
		Release|Any CPU = Release|Any CPU
	EndGlobalSection
	GlobalSection(ProjectConfigurationPlatforms) = postSolution
		{0B052AE3-1CEE-4D01-942C-DDFB58773E4B}.Debug|Any CPU.ActiveCfg = Debug|Any CPU
		{0B052AE3-1CEE-4D01-942C-DDFB58773E4B}.Debug|Any CPU.Build.0 = Debug|Any CPU
		{0B052AE3-1CEE-4D01-942C-DDFB58773E4B}.Release|Any CPU.ActiveCfg = Release|Any CPU
		{0B052AE3-1CEE-4D01-942C-DDFB58773E4B}.Release|Any CPU.Build.0 = Release|Any CPU
	EndGlobalSection
	GlobalSection(SolutionProperties) = preSolution
		HideSolutionNode = FALSE
	EndGlobalSection
	GlobalSection(ExtensibilityGlobals) = postSolution
		SolutionGuid = {DAB09E94-C18F-417D-8E65-E25404B95529}
	EndGlobalSection
EndGlobal
